// !$*UTF8*$!
{
	archiveVersion = 1;
	classes = {
	};
	objectVersion = 50;
	objects = {

/* Begin PBXBuildFile section */
		4EE0906F22C465E100034778 /* AppDelegate.swift in Sources */ = {isa = PBXBuildFile; fileRef = 4EE0906E22C465E100034778 /* AppDelegate.swift */; };
		4EE0907122C465E100034778 /* SceneDelegate.swift in Sources */ = {isa = PBXBuildFile; fileRef = 4EE0907022C465E100034778 /* SceneDelegate.swift */; };
		4EE0907322C465E100034778 /* PositionViewController.swift in Sources */ = {isa = PBXBuildFile; fileRef = 4EE0907222C465E100034778 /* PositionViewController.swift */; };
		4EE0907622C465E100034778 /* Main.storyboard in Resources */ = {isa = PBXBuildFile; fileRef = 4EE0907422C465E100034778 /* Main.storyboard */; };
		4EE0907822C465E200034778 /* Assets.xcassets in Resources */ = {isa = PBXBuildFile; fileRef = 4EE0907722C465E200034778 /* Assets.xcassets */; };
		4EE0907B22C465E200034778 /* LaunchScreen.storyboard in Resources */ = {isa = PBXBuildFile; fileRef = 4EE0907922C465E200034778 /* LaunchScreen.storyboard */; };
		4EE0908322C46AD100034778 /* OpacityViewController.swift in Sources */ = {isa = PBXBuildFile; fileRef = 4EE0908222C46AD100034778 /* OpacityViewController.swift */; };
		4EE0908522C46BF800034778 /* ColorViewController.swift in Sources */ = {isa = PBXBuildFile; fileRef = 4EE0908422C46BF800034778 /* ColorViewController.swift */; };
		4EE0908722C46E2300034778 /* RotationViewController.swift in Sources */ = {isa = PBXBuildFile; fileRef = 4EE0908622C46E2300034778 /* RotationViewController.swift */; };
		4EE0908922C4729800034778 /* ScaleViewController.swift in Sources */ = {isa = PBXBuildFile; fileRef = 4EE0908822C4729800034778 /* ScaleViewController.swift */; };
/* End PBXBuildFile section */

/* Begin PBXFileReference section */
		4EE0906B22C465E100034778 /* AnimationBasic.app */ = {isa = PBXFileReference; explicitFileType = wrapper.application; includeInIndex = 0; path = AnimationBasic.app; sourceTree = BUILT_PRODUCTS_DIR; };
		4EE0906E22C465E100034778 /* AppDelegate.swift */ = {isa = PBXFileReference; lastKnownFileType = sourcecode.swift; path = AppDelegate.swift; sourceTree = "<group>"; };
		4EE0907022C465E100034778 /* SceneDelegate.swift */ = {isa = PBXFileReference; lastKnownFileType = sourcecode.swift; path = SceneDelegate.swift; sourceTree = "<group>"; };
		4EE0907222C465E100034778 /* PositionViewController.swift */ = {isa = PBXFileReference; lastKnownFileType = sourcecode.swift; path = PositionViewController.swift; sourceTree = "<group>"; };
		4EE0907522C465E100034778 /* Base */ = {isa = PBXFileReference; lastKnownFileType = file.storyboard; name = Base; path = Base.lproj/Main.storyboard; sourceTree = "<group>"; };
		4EE0907722C465E200034778 /* Assets.xcassets */ = {isa = PBXFileReference; lastKnownFileType = folder.assetcatalog; path = Assets.xcassets; sourceTree = "<group>"; };
		4EE0907A22C465E200034778 /* Base */ = {isa = PBXFileReference; lastKnownFileType = file.storyboard; name = Base; path = Base.lproj/LaunchScreen.storyboard; sourceTree = "<group>"; };
		4EE0907C22C465E200034778 /* Info.plist */ = {isa = PBXFileReference; lastKnownFileType = text.plist.xml; path = Info.plist; sourceTree = "<group>"; };
		4EE0908222C46AD100034778 /* OpacityViewController.swift */ = {isa = PBXFileReference; lastKnownFileType = sourcecode.swift; path = OpacityViewController.swift; sourceTree = "<group>"; };
		4EE0908422C46BF800034778 /* ColorViewController.swift */ = {isa = PBXFileReference; lastKnownFileType = sourcecode.swift; path = ColorViewController.swift; sourceTree = "<group>"; };
		4EE0908622C46E2300034778 /* RotationViewController.swift */ = {isa = PBXFileReference; lastKnownFileType = sourcecode.swift; path = RotationViewController.swift; sourceTree = "<group>"; };
		4EE0908822C4729800034778 /* ScaleViewController.swift */ = {isa = PBXFileReference; lastKnownFileType = sourcecode.swift; path = ScaleViewController.swift; sourceTree = "<group>"; };
/* End PBXFileReference section */

/* Begin PBXFrameworksBuildPhase section */
		4EE0906822C465E100034778 /* Frameworks */ = {
			isa = PBXFrameworksBuildPhase;
			buildActionMask = 2147483647;
			files = (
			);
			runOnlyForDeploymentPostprocessing = 0;
		};
/* End PBXFrameworksBuildPhase section */

/* Begin PBXGroup section */
		4EE0906222C465E100034778 = {
			isa = PBXGroup;
			children = (
				4EE0906D22C465E100034778 /* AnimationBasic */,
				4EE0906C22C465E100034778 /* Products */,
			);
			sourceTree = "<group>";
		};
		4EE0906C22C465E100034778 /* Products */ = {
			isa = PBXGroup;
			children = (
				4EE0906B22C465E100034778 /* AnimationBasic.app */,
			);
			name = Products;
			sourceTree = "<group>";
		};
		4EE0906D22C465E100034778 /* AnimationBasic */ = {
			isa = PBXGroup;
			children = (
				4EE0906E22C465E100034778 /* AppDelegate.swift */,
				4EE0907022C465E100034778 /* SceneDelegate.swift */,
				4EE0907222C465E100034778 /* PositionViewController.swift */,
				4EE0908222C46AD100034778 /* OpacityViewController.swift */,
				4EE0908422C46BF800034778 /* ColorViewController.swift */,
				4EE0908622C46E2300034778 /* RotationViewController.swift */,
				4EE0908822C4729800034778 /* ScaleViewController.swift */,
				4EE0907422C465E100034778 /* Main.storyboard */,
				4EE0907722C465E200034778 /* Assets.xcassets */,
				4EE0907922C465E200034778 /* LaunchScreen.storyboard */,
				4EE0907C22C465E200034778 /* Info.plist */,
			);
			path = AnimationBasic;
			sourceTree = "<group>";
		};
/* End PBXGroup section */

/* Begin PBXNativeTarget section */
		4EE0906A22C465E100034778 /* AnimationBasic */ = {
			isa = PBXNativeTarget;
			buildConfigurationList = 4EE0907F22C465E200034778 /* Build configuration list for PBXNativeTarget "AnimationBasic" */;
			buildPhases = (
				4EE0906722C465E100034778 /* Sources */,
				4EE0906822C465E100034778 /* Frameworks */,
				4EE0906922C465E100034778 /* Resources */,
			);
			buildRules = (
			);
			dependencies = (
			);
			name = AnimationBasic;
			productName = AnimationBasic;
			productReference = 4EE0906B22C465E100034778 /* AnimationBasic.app */;
			productType = "com.apple.product-type.application";
		};
/* End PBXNativeTarget section */

/* Begin PBXProject section */
		4EE0906322C465E100034778 /* Project object */ = {
			isa = PBXProject;
			attributes = {
				LastSwiftUpdateCheck = 1100;
				LastUpgradeCheck = 1100;
				ORGANIZATIONNAME = DSCO;
				TargetAttributes = {
					4EE0906A22C465E100034778 = {
						CreatedOnToolsVersion = 11.0;
					};
				};
			};
			buildConfigurationList = 4EE0906622C465E100034778 /* Build configuration list for PBXProject "AnimationBasic" */;
			compatibilityVersion = "Xcode 9.3";
			developmentRegion = en;
			hasScannedForEncodings = 0;
			knownRegions = (
				en,
				Base,
			);
			mainGroup = 4EE0906222C465E100034778;
			productRefGroup = 4EE0906C22C465E100034778 /* Products */;
			projectDirPath = "";
			projectRoot = "";
			targets = (
				4EE0906A22C465E100034778 /* AnimationBasic */,
			);
		};
/* End PBXProject section */

/* Begin PBXResourcesBuildPhase section */
		4EE0906922C465E100034778 /* Resources */ = {
			isa = PBXResourcesBuildPhase;
			buildActionMask = 2147483647;
			files = (
				4EE0907B22C465E200034778 /* LaunchScreen.storyboard in Resources */,
				4EE0907822C465E200034778 /* Assets.xcassets in Resources */,
				4EE0907622C465E100034778 /* Main.storyboard in Resources */,
			);
			runOnlyForDeploymentPostprocessing = 0;
		};
/* End PBXResourcesBuildPhase section */

/* Begin PBXSourcesBuildPhase section */
		4EE0906722C465E100034778 /* Sources */ = {
			isa = PBXSourcesBuildPhase;
			buildActionMask = 2147483647;
			files = (
				4EE0907322C465E100034778 /* PositionViewController.swift in Sources */,
				4EE0906F22C465E100034778 /* AppDelegate.swift in Sources */,
				4EE0908722C46E2300034778 /* RotationViewController.swift in Sources */,
				4EE0908322C46AD100034778 /* OpacityViewController.swift in Sources */,
				4EE0908522C46BF800034778 /* ColorViewController.swift in Sources */,
				4EE0908922C4729800034778 /* ScaleViewController.swift in Sources */,
				4EE0907122C465E100034778 /* SceneDelegate.swift in Sources */,
			);
			runOnlyForDeploymentPostprocessing = 0;
		};
/* End PBXSourcesBuildPhase section */

/* Begin PBXVariantGroup section */
		4EE0907422C465E100034778 /* Main.storyboard */ = {
			isa = PBXVariantGroup;
			children = (
				4EE0907522C465E100034778 /* Base */,
			);
			name = Main.storyboard;
			sourceTree = "<group>";
		};
		4EE0907922C465E200034778 /* LaunchScreen.storyboard */ = {
			isa = PBXVariantGroup;
			children = (
				4EE0907A22C465E200034778 /* Base */,
			);
			name = LaunchScreen.storyboard;
			sourceTree = "<group>";
		};
/* End PBXVariantGroup section */

/* Begin XCBuildConfiguration section */
		4EE0907D22C465E200034778 /* Debug */ = {
			isa = XCBuildConfiguration;
			buildSettings = {
				ALWAYS_SEARCH_USER_PATHS = NO;
				CLANG_ANALYZER_NONNULL = YES;
				CLANG_ANALYZER_NUMBER_OBJECT_CONVERSION = YES_AGGRESSIVE;
				CLANG_CXX_LANGUAGE_STANDARD = "gnu++14";
				CLANG_CXX_LIBRARY = "libc++";
				CLANG_ENABLE_MODULES = YES;
				CLANG_ENABLE_OBJC_ARC = YES;
				CLANG_ENABLE_OBJC_WEAK = YES;
				CLANG_WARN_BLOCK_CAPTURE_AUTORELEASING = YES;
				CLANG_WARN_BOOL_CONVERSION = YES;
				CLANG_WARN_COMMA = YES;
				CLANG_WARN_CONSTANT_CONVERSION = YES;
				CLANG_WARN_DEPRECATED_OBJC_IMPLEMENTATIONS = YES;
				CLANG_WARN_DIRECT_OBJC_ISA_USAGE = YES_ERROR;
				CLANG_WARN_DOCUMENTATION_COMMENTS = YES;
				CLANG_WARN_EMPTY_BODY = YES;
				CLANG_WARN_ENUM_CONVERSION = YES;
				CLANG_WARN_INFINITE_RECURSION = YES;
				CLANG_WARN_INT_CONVERSION = YES;
				CLANG_WARN_NON_LITERAL_NULL_CONVERSION = YES;
				CLANG_WARN_OBJC_IMPLICIT_RETAIN_SELF = YES;
				CLANG_WARN_OBJC_LITERAL_CONVERSION = YES;
				CLANG_WARN_OBJC_ROOT_CLASS = YES_ERROR;
				CLANG_WARN_RANGE_LOOP_ANALYSIS = YES;
				CLANG_WARN_STRICT_PROTOTYPES = YES;
				CLANG_WARN_SUSPICIOUS_MOVE = YES;
				CLANG_WARN_UNGUARDED_AVAILABILITY = YES_AGGRESSIVE;
				CLANG_WARN_UNREACHABLE_CODE = YES;
				CLANG_WARN__DUPLICATE_METHOD_MATCH = YES;
				COPY_PHASE_STRIP = NO;
				DEBUG_INFORMATION_FORMAT = dwarf;
				ENABLE_STRICT_OBJC_MSGSEND = YES;
				ENABLE_TESTABILITY = YES;
				GCC_C_LANGUAGE_STANDARD = gnu11;
				GCC_DYNAMIC_NO_PIC = NO;
				GCC_NO_COMMON_BLOCKS = YES;
				GCC_OPTIMIZATION_LEVEL = 0;
				GCC_PREPROCESSOR_DEFINITIONS = (
					"DEBUG=1",
					"$(inherited)",
				);
				GCC_WARN_64_TO_32_BIT_CONVERSION = YES;
				GCC_WARN_ABOUT_RETURN_TYPE = YES_ERROR;
				GCC_WARN_UNDECLARED_SELECTOR = YES;
				GCC_WARN_UNINITIALIZED_AUTOS = YES_AGGRESSIVE;
				GCC_WARN_UNUSED_FUNCTION = YES;
				GCC_WARN_UNUSED_VARIABLE = YES;
				IPHONEOS_DEPLOYMENT_TARGET = 13.0;
				MTL_ENABLE_DEBUG_INFO = INCLUDE_SOURCE;
				MTL_FAST_MATH = YES;
				ONLY_ACTIVE_ARCH = YES;
				SDKROOT = iphoneos;
				SWIFT_ACTIVE_COMPILATION_CONDITIONS = DEBUG;
				SWIFT_OPTIMIZATION_LEVEL = "-Onone";
			};
			name = Debug;
		};
		4EE0907E22C465E200034778 /* Release */ = {
			isa = XCBuildConfiguration;
			buildSettings = {
				ALWAYS_SEARCH_USER_PATHS = NO;
				CLANG_ANALYZER_NONNULL = YES;
				CLANG_ANALYZER_NUMBER_OBJECT_CONVERSION = YES_AGGRESSIVE;
				CLANG_CXX_LANGUAGE_STANDARD = "gnu++14";
				CLANG_CXX_LIBRARY = "libc++";
				CLANG_ENABLE_MODULES = YES;
				CLANG_ENABLE_OBJC_ARC = YES;
				CLANG_ENABLE_OBJC_WEAK = YES;
				CLANG_WARN_BLOCK_CAPTURE_AUTORELEASING = YES;
				CLANG_WARN_BOOL_CONVERSION = YES;
				CLANG_WARN_COMMA = YES;
				CLANG_WARN_CONSTANT_CONVERSION = YES;
				CLANG_WARN_DEPRECATED_OBJC_IMPLEMENTATIONS = YES;
				CLANG_WARN_DIRECT_OBJC_ISA_USAGE = YES_ERROR;
				CLANG_WARN_DOCUMENTATION_COMMENTS = YES;
				CLANG_WARN_EMPTY_BODY = YES;
				CLANG_WARN_ENUM_CONVERSION = YES;
				CLANG_WARN_INFINITE_RECURSION = YES;
				CLANG_WARN_INT_CONVERSION = YES;
				CLANG_WARN_NON_LITERAL_NULL_CONVERSION = YES;
				CLANG_WARN_OBJC_IMPLICIT_RETAIN_SELF = YES;
				CLANG_WARN_OBJC_LITERAL_CONVERSION = YES;
				CLANG_WARN_OBJC_ROOT_CLASS = YES_ERROR;
				CLANG_WARN_RANGE_LOOP_ANALYSIS = YES;
				CLANG_WARN_STRICT_PROTOTYPES = YES;
				CLANG_WARN_SUSPICIOUS_MOVE = YES;
				CLANG_WARN_UNGUARDED_AVAILABILITY = YES_AGGRESSIVE;
				CLANG_WARN_UNREACHABLE_CODE = YES;
				CLANG_WARN__DUPLICATE_METHOD_MATCH = YES;
				COPY_PHASE_STRIP = NO;
				DEBUG_INFORMATION_FORMAT = "dwarf-with-dsym";
				ENABLE_NS_ASSERTIONS = NO;
				ENABLE_STRICT_OBJC_MSGSEND = YES;
				GCC_C_LANGUAGE_STANDARD = gnu11;
				GCC_NO_COMMON_BLOCKS = YES;
				GCC_WARN_64_TO_32_BIT_CONVERSION = YES;
				GCC_WARN_ABOUT_RETURN_TYPE = YES_ERROR;
				GCC_WARN_UNDECLARED_SELECTOR = YES;
				GCC_WARN_UNINITIALIZED_AUTOS = YES_AGGRESSIVE;
				GCC_WARN_UNUSED_FUNCTION = YES;
				GCC_WARN_UNUSED_VARIABLE = YES;
				IPHONEOS_DEPLOYMENT_TARGET = 13.0;
				MTL_ENABLE_DEBUG_INFO = NO;
				MTL_FAST_MATH = YES;
				SDKROOT = iphoneos;
				SWIFT_COMPILATION_MODE = wholemodule;
				SWIFT_OPTIMIZATION_LEVEL = "-O";
				VALIDATE_PRODUCT = YES;
			};
			name = Release;
		};
		4EE0908022C465E200034778 /* Debug */ = {
			isa = XCBuildConfiguration;
			buildSettings = {
				ASSETCATALOG_COMPILER_APPICON_NAME = AppIcon;
				CODE_SIGN_STYLE = Automatic;
				INFOPLIST_FILE = AnimationBasic/Info.plist;
				LD_RUNPATH_SEARCH_PATHS = (
					"$(inherited)",
					"@executable_path/Frameworks",
				);
				PRODUCT_BUNDLE_IDENTIFIER = Demo.AnimationBasic;
				PRODUCT_NAME = "$(TARGET_NAME)";
				SWIFT_VERSION = 5.0;
				TARGETED_DEVICE_FAMILY = "1,2";
			};
			name = Debug;
		};
		4EE0908122C465E200034778 /* Release */ = {
			isa = XCBuildConfiguration;
			buildSettings = {
				ASSETCATALOG_COMPILER_APPICON_NAME = AppIcon;
				CODE_SIGN_STYLE = Automatic;
				INFOPLIST_FILE = AnimationBasic/Info.plist;
				LD_RUNPATH_SEARCH_PATHS = (
					"$(inherited)",
					"@executable_path/Frameworks",
				);
				PRODUCT_BUNDLE_IDENTIFIER = Demo.AnimationBasic;
				PRODUCT_NAME = "$(TARGET_NAME)";
				SWIFT_VERSION = 5.0;
				TARGETED_DEVICE_FAMILY = "1,2";
			};
			name = Release;
		};
/* End XCBuildConfiguration section */

/* Begin XCConfigurationList section */
		4EE0906622C465E100034778 /* Build configuration list for PBXProject "AnimationBasic" */ = {
			isa = XCConfigurationList;
			buildConfigurations = (
				4EE0907D22C465E200034778 /* Debug */,
				4EE0907E22C465E200034778 /* Release */,
			);
			defaultConfigurationIsVisible = 0;
			defaultConfigurationName = Release;
		};
		4EE0907F22C465E200034778 /* Build configuration list for PBXNativeTarget "AnimationBasic" */ = {
			isa = XCConfigurationList;
			buildConfigurations = (
				4EE0908022C465E200034778 /* Debug */,
				4EE0908122C465E200034778 /* Release */,
			);
			defaultConfigurationIsVisible = 0;
			defaultConfigurationName = Release;
		};
/* End XCConfigurationList section */
	};
	rootObject = 4EE0906322C465E100034778 /* Project object */;
}
