// !$*UTF8*$!
{
	archiveVersion = 1;
	classes = {
	};
	objectVersion = 50;
	objects = {

/* Begin PBXBuildFile section */
		4E0A059022C34DFF00363232 /* AppDelegate.swift in Sources */ = {isa = PBXBuildFile; fileRef = 4E0A058F22C34DFF00363232 /* AppDelegate.swift */; };
		4E0A059222C34DFF00363232 /* SceneDelegate.swift in Sources */ = {isa = PBXBuildFile; fileRef = 4E0A059122C34DFF00363232 /* SceneDelegate.swift */; };
		4E0A059422C34DFF00363232 /* ContentView.swift in Sources */ = {isa = PBXBuildFile; fileRef = 4E0A059322C34DFF00363232 /* ContentView.swift */; };
		4E0A059622C34E0100363232 /* Assets.xcassets in Resources */ = {isa = PBXBuildFile; fileRef = 4E0A059522C34E0100363232 /* Assets.xcassets */; };
		4E0A059922C34E0100363232 /* Preview Assets.xcassets in Resources */ = {isa = PBXBuildFile; fileRef = 4E0A059822C34E0100363232 /* Preview Assets.xcassets */; };
		4E0A059C22C34E0100363232 /* LaunchScreen.storyboard in Resources */ = {isa = PBXBuildFile; fileRef = 4E0A059A22C34E0100363232 /* LaunchScreen.storyboard */; };
		4E0A05A722C34E0100363232 /* SwiftUIDemoTests.swift in Sources */ = {isa = PBXBuildFile; fileRef = 4E0A05A622C34E0100363232 /* SwiftUIDemoTests.swift */; };
		4E0A05B222C34E0100363232 /* SwiftUIDemoUITests.swift in Sources */ = {isa = PBXBuildFile; fileRef = 4E0A05B122C34E0100363232 /* SwiftUIDemoUITests.swift */; };
		4E0A05C022C350A300363232 /* Student.swift in Sources */ = {isa = PBXBuildFile; fileRef = 4E0A05BF22C350A300363232 /* Student.swift */; };
/* End PBXBuildFile section */

/* Begin PBXContainerItemProxy section */
		4E0A05A322C34E0100363232 /* PBXContainerItemProxy */ = {
			isa = PBXContainerItemProxy;
			containerPortal = 4E0A058422C34DFF00363232 /* Project object */;
			proxyType = 1;
			remoteGlobalIDString = 4E0A058B22C34DFF00363232;
			remoteInfo = SwiftUIDemo;
		};
		4E0A05AE22C34E0100363232 /* PBXContainerItemProxy */ = {
			isa = PBXContainerItemProxy;
			containerPortal = 4E0A058422C34DFF00363232 /* Project object */;
			proxyType = 1;
			remoteGlobalIDString = 4E0A058B22C34DFF00363232;
			remoteInfo = SwiftUIDemo;
		};
/* End PBXContainerItemProxy section */

/* Begin PBXFileReference section */
		4E0A058C22C34DFF00363232 /* SwiftUIDemo.app */ = {isa = PBXFileReference; explicitFileType = wrapper.application; includeInIndex = 0; path = SwiftUIDemo.app; sourceTree = BUILT_PRODUCTS_DIR; };
		4E0A058F22C34DFF00363232 /* AppDelegate.swift */ = {isa = PBXFileReference; lastKnownFileType = sourcecode.swift; path = AppDelegate.swift; sourceTree = "<group>"; };
		4E0A059122C34DFF00363232 /* SceneDelegate.swift */ = {isa = PBXFileReference; lastKnownFileType = sourcecode.swift; path = SceneDelegate.swift; sourceTree = "<group>"; };
		4E0A059322C34DFF00363232 /* ContentView.swift */ = {isa = PBXFileReference; lastKnownFileType = sourcecode.swift; path = ContentView.swift; sourceTree = "<group>"; };
		4E0A059522C34E0100363232 /* Assets.xcassets */ = {isa = PBXFileReference; lastKnownFileType = folder.assetcatalog; path = Assets.xcassets; sourceTree = "<group>"; };
		4E0A059822C34E0100363232 /* Preview Assets.xcassets */ = {isa = PBXFileReference; lastKnownFileType = folder.assetcatalog; path = "Preview Assets.xcassets"; sourceTree = "<group>"; };
		4E0A059B22C34E0100363232 /* Base */ = {isa = PBXFileReference; lastKnownFileType = file.storyboard; name = Base; path = Base.lproj/LaunchScreen.storyboard; sourceTree = "<group>"; };
		4E0A059D22C34E0100363232 /* Info.plist */ = {isa = PBXFileReference; lastKnownFileType = text.plist.xml; path = Info.plist; sourceTree = "<group>"; };
		4E0A05A222C34E0100363232 /* SwiftUIDemoTests.xctest */ = {isa = PBXFileReference; explicitFileType = wrapper.cfbundle; includeInIndex = 0; path = SwiftUIDemoTests.xctest; sourceTree = BUILT_PRODUCTS_DIR; };
		4E0A05A622C34E0100363232 /* SwiftUIDemoTests.swift */ = {isa = PBXFileReference; lastKnownFileType = sourcecode.swift; path = SwiftUIDemoTests.swift; sourceTree = "<group>"; };
		4E0A05A822C34E0100363232 /* Info.plist */ = {isa = PBXFileReference; lastKnownFileType = text.plist.xml; path = Info.plist; sourceTree = "<group>"; };
		4E0A05AD22C34E0100363232 /* SwiftUIDemoUITests.xctest */ = {isa = PBXFileReference; explicitFileType = wrapper.cfbundle; includeInIndex = 0; path = SwiftUIDemoUITests.xctest; sourceTree = BUILT_PRODUCTS_DIR; };
		4E0A05B122C34E0100363232 /* SwiftUIDemoUITests.swift */ = {isa = PBXFileReference; lastKnownFileType = sourcecode.swift; path = SwiftUIDemoUITests.swift; sourceTree = "<group>"; };
		4E0A05B322C34E0100363232 /* Info.plist */ = {isa = PBXFileReference; lastKnownFileType = text.plist.xml; path = Info.plist; sourceTree = "<group>"; };
		4E0A05BF22C350A300363232 /* Student.swift */ = {isa = PBXFileReference; lastKnownFileType = sourcecode.swift; path = Student.swift; sourceTree = "<group>"; };
/* End PBXFileReference section */

/* Begin PBXFrameworksBuildPhase section */
		4E0A058922C34DFF00363232 /* Frameworks */ = {
			isa = PBXFrameworksBuildPhase;
			buildActionMask = 2147483647;
			files = (
			);
			runOnlyForDeploymentPostprocessing = 0;
		};
		4E0A059F22C34E0100363232 /* Frameworks */ = {
			isa = PBXFrameworksBuildPhase;
			buildActionMask = 2147483647;
			files = (
			);
			runOnlyForDeploymentPostprocessing = 0;
		};
		4E0A05AA22C34E0100363232 /* Frameworks */ = {
			isa = PBXFrameworksBuildPhase;
			buildActionMask = 2147483647;
			files = (
			);
			runOnlyForDeploymentPostprocessing = 0;
		};
/* End PBXFrameworksBuildPhase section */

/* Begin PBXGroup section */
		4E0A058322C34DFF00363232 = {
			isa = PBXGroup;
			children = (
				4E0A058E22C34DFF00363232 /* SwiftUIDemo */,
				4E0A05A522C34E0100363232 /* SwiftUIDemoTests */,
				4E0A05B022C34E0100363232 /* SwiftUIDemoUITests */,
				4E0A058D22C34DFF00363232 /* Products */,
			);
			sourceTree = "<group>";
		};
		4E0A058D22C34DFF00363232 /* Products */ = {
			isa = PBXGroup;
			children = (
				4E0A058C22C34DFF00363232 /* SwiftUIDemo.app */,
				4E0A05A222C34E0100363232 /* SwiftUIDemoTests.xctest */,
				4E0A05AD22C34E0100363232 /* SwiftUIDemoUITests.xctest */,
			);
			name = Products;
			sourceTree = "<group>";
		};
		4E0A058E22C34DFF00363232 /* SwiftUIDemo */ = {
			isa = PBXGroup;
			children = (
				4E0A058F22C34DFF00363232 /* AppDelegate.swift */,
				4E0A059122C34DFF00363232 /* SceneDelegate.swift */,
				4E0A059322C34DFF00363232 /* ContentView.swift */,
				4E0A05BF22C350A300363232 /* Student.swift */,
				4E0A059522C34E0100363232 /* Assets.xcassets */,
				4E0A059A22C34E0100363232 /* LaunchScreen.storyboard */,
				4E0A059D22C34E0100363232 /* Info.plist */,
				4E0A059722C34E0100363232 /* Preview Content */,
			);
			path = SwiftUIDemo;
			sourceTree = "<group>";
		};
		4E0A059722C34E0100363232 /* Preview Content */ = {
			isa = PBXGroup;
			children = (
				4E0A059822C34E0100363232 /* Preview Assets.xcassets */,
			);
			path = "Preview Content";
			sourceTree = "<group>";
		};
		4E0A05A522C34E0100363232 /* SwiftUIDemoTests */ = {
			isa = PBXGroup;
			children = (
				4E0A05A622C34E0100363232 /* SwiftUIDemoTests.swift */,
				4E0A05A822C34E0100363232 /* Info.plist */,
			);
			path = SwiftUIDemoTests;
			sourceTree = "<group>";
		};
		4E0A05B022C34E0100363232 /* SwiftUIDemoUITests */ = {
			isa = PBXGroup;
			children = (
				4E0A05B122C34E0100363232 /* SwiftUIDemoUITests.swift */,
				4E0A05B322C34E0100363232 /* Info.plist */,
			);
			path = SwiftUIDemoUITests;
			sourceTree = "<group>";
		};
/* End PBXGroup section */

/* Begin PBXNativeTarget section */
		4E0A058B22C34DFF00363232 /* SwiftUIDemo */ = {
			isa = PBXNativeTarget;
			buildConfigurationList = 4E0A05B622C34E0100363232 /* Build configuration list for PBXNativeTarget "SwiftUIDemo" */;
			buildPhases = (
				4E0A058822C34DFF00363232 /* Sources */,
				4E0A058922C34DFF00363232 /* Frameworks */,
				4E0A058A22C34DFF00363232 /* Resources */,
			);
			buildRules = (
			);
			dependencies = (
			);
			name = SwiftUIDemo;
			productName = SwiftUIDemo;
			productReference = 4E0A058C22C34DFF00363232 /* SwiftUIDemo.app */;
			productType = "com.apple.product-type.application";
		};
		4E0A05A122C34E0100363232 /* SwiftUIDemoTests */ = {
			isa = PBXNativeTarget;
			buildConfigurationList = 4E0A05B922C34E0100363232 /* Build configuration list for PBXNativeTarget "SwiftUIDemoTests" */;
			buildPhases = (
				4E0A059E22C34E0100363232 /* Sources */,
				4E0A059F22C34E0100363232 /* Frameworks */,
				4E0A05A022C34E0100363232 /* Resources */,
			);
			buildRules = (
			);
			dependencies = (
				4E0A05A422C34E0100363232 /* PBXTargetDependency */,
			);
			name = SwiftUIDemoTests;
			productName = SwiftUIDemoTests;
			productReference = 4E0A05A222C34E0100363232 /* SwiftUIDemoTests.xctest */;
			productType = "com.apple.product-type.bundle.unit-test";
		};
		4E0A05AC22C34E0100363232 /* SwiftUIDemoUITests */ = {
			isa = PBXNativeTarget;
			buildConfigurationList = 4E0A05BC22C34E0100363232 /* Build configuration list for PBXNativeTarget "SwiftUIDemoUITests" */;
			buildPhases = (
				4E0A05A922C34E0100363232 /* Sources */,
				4E0A05AA22C34E0100363232 /* Frameworks */,
				4E0A05AB22C34E0100363232 /* Resources */,
			);
			buildRules = (
			);
			dependencies = (
				4E0A05AF22C34E0100363232 /* PBXTargetDependency */,
			);
			name = SwiftUIDemoUITests;
			productName = SwiftUIDemoUITests;
			productReference = 4E0A05AD22C34E0100363232 /* SwiftUIDemoUITests.xctest */;
			productType = "com.apple.product-type.bundle.ui-testing";
		};
/* End PBXNativeTarget section */

/* Begin PBXProject section */
		4E0A058422C34DFF00363232 /* Project object */ = {
			isa = PBXProject;
			attributes = {
				LastSwiftUpdateCheck = 1100;
				LastUpgradeCheck = 1100;
				ORGANIZATIONNAME = DSCO;
				TargetAttributes = {
					4E0A058B22C34DFF00363232 = {
						CreatedOnToolsVersion = 11.0;
					};
					4E0A05A122C34E0100363232 = {
						CreatedOnToolsVersion = 11.0;
						TestTargetID = 4E0A058B22C34DFF00363232;
					};
					4E0A05AC22C34E0100363232 = {
						CreatedOnToolsVersion = 11.0;
						TestTargetID = 4E0A058B22C34DFF00363232;
					};
				};
			};
			buildConfigurationList = 4E0A058722C34DFF00363232 /* Build configuration list for PBXProject "SwiftUIDemo" */;
			compatibilityVersion = "Xcode 9.3";
			developmentRegion = en;
			hasScannedForEncodings = 0;
			knownRegions = (
				en,
				Base,
			);
			mainGroup = 4E0A058322C34DFF00363232;
			productRefGroup = 4E0A058D22C34DFF00363232 /* Products */;
			projectDirPath = "";
			projectRoot = "";
			targets = (
				4E0A058B22C34DFF00363232 /* SwiftUIDemo */,
				4E0A05A122C34E0100363232 /* SwiftUIDemoTests */,
				4E0A05AC22C34E0100363232 /* SwiftUIDemoUITests */,
			);
		};
/* End PBXProject section */

/* Begin PBXResourcesBuildPhase section */
		4E0A058A22C34DFF00363232 /* Resources */ = {
			isa = PBXResourcesBuildPhase;
			buildActionMask = 2147483647;
			files = (
				4E0A059C22C34E0100363232 /* LaunchScreen.storyboard in Resources */,
				4E0A059922C34E0100363232 /* Preview Assets.xcassets in Resources */,
				4E0A059622C34E0100363232 /* Assets.xcassets in Resources */,
			);
			runOnlyForDeploymentPostprocessing = 0;
		};
		4E0A05A022C34E0100363232 /* Resources */ = {
			isa = PBXResourcesBuildPhase;
			buildActionMask = 2147483647;
			files = (
			);
			runOnlyForDeploymentPostprocessing = 0;
		};
		4E0A05AB22C34E0100363232 /* Resources */ = {
			isa = PBXResourcesBuildPhase;
			buildActionMask = 2147483647;
			files = (
			);
			runOnlyForDeploymentPostprocessing = 0;
		};
/* End PBXResourcesBuildPhase section */

/* Begin PBXSourcesBuildPhase section */
		4E0A058822C34DFF00363232 /* Sources */ = {
			isa = PBXSourcesBuildPhase;
			buildActionMask = 2147483647;
			files = (
				4E0A059022C34DFF00363232 /* AppDelegate.swift in Sources */,
				4E0A059222C34DFF00363232 /* SceneDelegate.swift in Sources */,
				4E0A059422C34DFF00363232 /* ContentView.swift in Sources */,
				4E0A05C022C350A300363232 /* Student.swift in Sources */,
			);
			runOnlyForDeploymentPostprocessing = 0;
		};
		4E0A059E22C34E0100363232 /* Sources */ = {
			isa = PBXSourcesBuildPhase;
			buildActionMask = 2147483647;
			files = (
				4E0A05A722C34E0100363232 /* SwiftUIDemoTests.swift in Sources */,
			);
			runOnlyForDeploymentPostprocessing = 0;
		};
		4E0A05A922C34E0100363232 /* Sources */ = {
			isa = PBXSourcesBuildPhase;
			buildActionMask = 2147483647;
			files = (
				4E0A05B222C34E0100363232 /* SwiftUIDemoUITests.swift in Sources */,
			);
			runOnlyForDeploymentPostprocessing = 0;
		};
/* End PBXSourcesBuildPhase section */

/* Begin PBXTargetDependency section */
		4E0A05A422C34E0100363232 /* PBXTargetDependency */ = {
			isa = PBXTargetDependency;
			target = 4E0A058B22C34DFF00363232 /* SwiftUIDemo */;
			targetProxy = 4E0A05A322C34E0100363232 /* PBXContainerItemProxy */;
		};
		4E0A05AF22C34E0100363232 /* PBXTargetDependency */ = {
			isa = PBXTargetDependency;
			target = 4E0A058B22C34DFF00363232 /* SwiftUIDemo */;
			targetProxy = 4E0A05AE22C34E0100363232 /* PBXContainerItemProxy */;
		};
/* End PBXTargetDependency section */

/* Begin PBXVariantGroup section */
		4E0A059A22C34E0100363232 /* LaunchScreen.storyboard */ = {
			isa = PBXVariantGroup;
			children = (
				4E0A059B22C34E0100363232 /* Base */,
			);
			name = LaunchScreen.storyboard;
			sourceTree = "<group>";
		};
/* End PBXVariantGroup section */

/* Begin XCBuildConfiguration section */
		4E0A05B422C34E0100363232 /* Debug */ = {
			isa = XCBuildConfiguration;
			buildSettings = {
				ALWAYS_SEARCH_USER_PATHS = NO;
				CLANG_ANALYZER_NONNULL = YES;
				CLANG_ANALYZER_NUMBER_OBJECT_CONVERSION = YES_AGGRESSIVE;
				CLANG_CXX_LANGUAGE_STANDARD = "gnu++14";
				CLANG_CXX_LIBRARY = "libc++";
				CLANG_ENABLE_MODULES = YES;
				CLANG_ENABLE_OBJC_ARC = YES;
				CLANG_ENABLE_OBJC_WEAK = YES;
				CLANG_WARN_BLOCK_CAPTURE_AUTORELEASING = YES;
				CLANG_WARN_BOOL_CONVERSION = YES;
				CLANG_WARN_COMMA = YES;
				CLANG_WARN_CONSTANT_CONVERSION = YES;
				CLANG_WARN_DEPRECATED_OBJC_IMPLEMENTATIONS = YES;
				CLANG_WARN_DIRECT_OBJC_ISA_USAGE = YES_ERROR;
				CLANG_WARN_DOCUMENTATION_COMMENTS = YES;
				CLANG_WARN_EMPTY_BODY = YES;
				CLANG_WARN_ENUM_CONVERSION = YES;
				CLANG_WARN_INFINITE_RECURSION = YES;
				CLANG_WARN_INT_CONVERSION = YES;
				CLANG_WARN_NON_LITERAL_NULL_CONVERSION = YES;
				CLANG_WARN_OBJC_IMPLICIT_RETAIN_SELF = YES;
				CLANG_WARN_OBJC_LITERAL_CONVERSION = YES;
				CLANG_WARN_OBJC_ROOT_CLASS = YES_ERROR;
				CLANG_WARN_RANGE_LOOP_ANALYSIS = YES;
				CLANG_WARN_STRICT_PROTOTYPES = YES;
				CLANG_WARN_SUSPICIOUS_MOVE = YES;
				CLANG_WARN_UNGUARDED_AVAILABILITY = YES_AGGRESSIVE;
				CLANG_WARN_UNREACHABLE_CODE = YES;
				CLANG_WARN__DUPLICATE_METHOD_MATCH = YES;
				COPY_PHASE_STRIP = NO;
				DEBUG_INFORMATION_FORMAT = dwarf;
				ENABLE_STRICT_OBJC_MSGSEND = YES;
				ENABLE_TESTABILITY = YES;
				GCC_C_LANGUAGE_STANDARD = gnu11;
				GCC_DYNAMIC_NO_PIC = NO;
				GCC_NO_COMMON_BLOCKS = YES;
				GCC_OPTIMIZATION_LEVEL = 0;
				GCC_PREPROCESSOR_DEFINITIONS = (
					"DEBUG=1",
					"$(inherited)",
				);
				GCC_WARN_64_TO_32_BIT_CONVERSION = YES;
				GCC_WARN_ABOUT_RETURN_TYPE = YES_ERROR;
				GCC_WARN_UNDECLARED_SELECTOR = YES;
				GCC_WARN_UNINITIALIZED_AUTOS = YES_AGGRESSIVE;
				GCC_WARN_UNUSED_FUNCTION = YES;
				GCC_WARN_UNUSED_VARIABLE = YES;
				IPHONEOS_DEPLOYMENT_TARGET = 13.0;
				MTL_ENABLE_DEBUG_INFO = INCLUDE_SOURCE;
				MTL_FAST_MATH = YES;
				ONLY_ACTIVE_ARCH = YES;
				SDKROOT = iphoneos;
				SWIFT_ACTIVE_COMPILATION_CONDITIONS = DEBUG;
				SWIFT_OPTIMIZATION_LEVEL = "-Onone";
			};
			name = Debug;
		};
		4E0A05B522C34E0100363232 /* Release */ = {
			isa = XCBuildConfiguration;
			buildSettings = {
				ALWAYS_SEARCH_USER_PATHS = NO;
				CLANG_ANALYZER_NONNULL = YES;
				CLANG_ANALYZER_NUMBER_OBJECT_CONVERSION = YES_AGGRESSIVE;
				CLANG_CXX_LANGUAGE_STANDARD = "gnu++14";
				CLANG_CXX_LIBRARY = "libc++";
				CLANG_ENABLE_MODULES = YES;
				CLANG_ENABLE_OBJC_ARC = YES;
				CLANG_ENABLE_OBJC_WEAK = YES;
				CLANG_WARN_BLOCK_CAPTURE_AUTORELEASING = YES;
				CLANG_WARN_BOOL_CONVERSION = YES;
				CLANG_WARN_COMMA = YES;
				CLANG_WARN_CONSTANT_CONVERSION = YES;
				CLANG_WARN_DEPRECATED_OBJC_IMPLEMENTATIONS = YES;
				CLANG_WARN_DIRECT_OBJC_ISA_USAGE = YES_ERROR;
				CLANG_WARN_DOCUMENTATION_COMMENTS = YES;
				CLANG_WARN_EMPTY_BODY = YES;
				CLANG_WARN_ENUM_CONVERSION = YES;
				CLANG_WARN_INFINITE_RECURSION = YES;
				CLANG_WARN_INT_CONVERSION = YES;
				CLANG_WARN_NON_LITERAL_NULL_CONVERSION = YES;
				CLANG_WARN_OBJC_IMPLICIT_RETAIN_SELF = YES;
				CLANG_WARN_OBJC_LITERAL_CONVERSION = YES;
				CLANG_WARN_OBJC_ROOT_CLASS = YES_ERROR;
				CLANG_WARN_RANGE_LOOP_ANALYSIS = YES;
				CLANG_WARN_STRICT_PROTOTYPES = YES;
				CLANG_WARN_SUSPICIOUS_MOVE = YES;
				CLANG_WARN_UNGUARDED_AVAILABILITY = YES_AGGRESSIVE;
				CLANG_WARN_UNREACHABLE_CODE = YES;
				CLANG_WARN__DUPLICATE_METHOD_MATCH = YES;
				COPY_PHASE_STRIP = NO;
				DEBUG_INFORMATION_FORMAT = "dwarf-with-dsym";
				ENABLE_NS_ASSERTIONS = NO;
				ENABLE_STRICT_OBJC_MSGSEND = YES;
				GCC_C_LANGUAGE_STANDARD = gnu11;
				GCC_NO_COMMON_BLOCKS = YES;
				GCC_WARN_64_TO_32_BIT_CONVERSION = YES;
				GCC_WARN_ABOUT_RETURN_TYPE = YES_ERROR;
				GCC_WARN_UNDECLARED_SELECTOR = YES;
				GCC_WARN_UNINITIALIZED_AUTOS = YES_AGGRESSIVE;
				GCC_WARN_UNUSED_FUNCTION = YES;
				GCC_WARN_UNUSED_VARIABLE = YES;
				IPHONEOS_DEPLOYMENT_TARGET = 13.0;
				MTL_ENABLE_DEBUG_INFO = NO;
				MTL_FAST_MATH = YES;
				SDKROOT = iphoneos;
				SWIFT_COMPILATION_MODE = wholemodule;
				SWIFT_OPTIMIZATION_LEVEL = "-O";
				VALIDATE_PRODUCT = YES;
			};
			name = Release;
		};
		4E0A05B722C34E0100363232 /* Debug */ = {
			isa = XCBuildConfiguration;
			buildSettings = {
				ASSETCATALOG_COMPILER_APPICON_NAME = AppIcon;
				CODE_SIGN_STYLE = Automatic;
				DEVELOPMENT_ASSET_PATHS = "SwiftUIDemo/Preview\\ Content";
				ENABLE_PREVIEWS = YES;
				INFOPLIST_FILE = SwiftUIDemo/Info.plist;
				LD_RUNPATH_SEARCH_PATHS = (
					"$(inherited)",
					"@executable_path/Frameworks",
				);
				PRODUCT_BUNDLE_IDENTIFIER = Demo.SwiftUIDemo;
				PRODUCT_NAME = "$(TARGET_NAME)";
				SWIFT_VERSION = 5.0;
				TARGETED_DEVICE_FAMILY = "1,2";
			};
			name = Debug;
		};
		4E0A05B822C34E0100363232 /* Release */ = {
			isa = XCBuildConfiguration;
			buildSettings = {
				ASSETCATALOG_COMPILER_APPICON_NAME = AppIcon;
				CODE_SIGN_STYLE = Automatic;
				DEVELOPMENT_ASSET_PATHS = "SwiftUIDemo/Preview\\ Content";
				ENABLE_PREVIEWS = YES;
				INFOPLIST_FILE = SwiftUIDemo/Info.plist;
				LD_RUNPATH_SEARCH_PATHS = (
					"$(inherited)",
					"@executable_path/Frameworks",
				);
				PRODUCT_BUNDLE_IDENTIFIER = Demo.SwiftUIDemo;
				PRODUCT_NAME = "$(TARGET_NAME)";
				SWIFT_VERSION = 5.0;
				TARGETED_DEVICE_FAMILY = "1,2";
			};
			name = Release;
		};
		4E0A05BA22C34E0100363232 /* Debug */ = {
			isa = XCBuildConfiguration;
			buildSettings = {
				ALWAYS_EMBED_SWIFT_STANDARD_LIBRARIES = YES;
				BUNDLE_LOADER = "$(TEST_HOST)";
				CODE_SIGN_STYLE = Automatic;
				INFOPLIST_FILE = SwiftUIDemoTests/Info.plist;
				LD_RUNPATH_SEARCH_PATHS = (
					"$(inherited)",
					"@executable_path/Frameworks",
					"@loader_path/Frameworks",
				);
				PRODUCT_BUNDLE_IDENTIFIER = Demo.SwiftUIDemoTests;
				PRODUCT_NAME = "$(TARGET_NAME)";
				SWIFT_VERSION = 5.0;
				TARGETED_DEVICE_FAMILY = "1,2";
				TEST_HOST = "$(BUILT_PRODUCTS_DIR)/SwiftUIDemo.app/SwiftUIDemo";
			};
			name = Debug;
		};
		4E0A05BB22C34E0100363232 /* Release */ = {
			isa = XCBuildConfiguration;
			buildSettings = {
				ALWAYS_EMBED_SWIFT_STANDARD_LIBRARIES = YES;
				BUNDLE_LOADER = "$(TEST_HOST)";
				CODE_SIGN_STYLE = Automatic;
				INFOPLIST_FILE = SwiftUIDemoTests/Info.plist;
				LD_RUNPATH_SEARCH_PATHS = (
					"$(inherited)",
					"@executable_path/Frameworks",
					"@loader_path/Frameworks",
				);
				PRODUCT_BUNDLE_IDENTIFIER = Demo.SwiftUIDemoTests;
				PRODUCT_NAME = "$(TARGET_NAME)";
				SWIFT_VERSION = 5.0;
				TARGETED_DEVICE_FAMILY = "1,2";
				TEST_HOST = "$(BUILT_PRODUCTS_DIR)/SwiftUIDemo.app/SwiftUIDemo";
			};
			name = Release;
		};
		4E0A05BD22C34E0100363232 /* Debug */ = {
			isa = XCBuildConfiguration;
			buildSettings = {
				ALWAYS_EMBED_SWIFT_STANDARD_LIBRARIES = YES;
				CODE_SIGN_STYLE = Automatic;
				INFOPLIST_FILE = SwiftUIDemoUITests/Info.plist;
				LD_RUNPATH_SEARCH_PATHS = (
					"$(inherited)",
					"@executable_path/Frameworks",
					"@loader_path/Frameworks",
				);
				PRODUCT_BUNDLE_IDENTIFIER = Demo.SwiftUIDemoUITests;
				PRODUCT_NAME = "$(TARGET_NAME)";
				SWIFT_VERSION = 5.0;
				TARGETED_DEVICE_FAMILY = "1,2";
				TEST_TARGET_NAME = SwiftUIDemo;
			};
			name = Debug;
		};
		4E0A05BE22C34E0100363232 /* Release */ = {
			isa = XCBuildConfiguration;
			buildSettings = {
				ALWAYS_EMBED_SWIFT_STANDARD_LIBRARIES = YES;
				CODE_SIGN_STYLE = Automatic;
				INFOPLIST_FILE = SwiftUIDemoUITests/Info.plist;
				LD_RUNPATH_SEARCH_PATHS = (
					"$(inherited)",
					"@executable_path/Frameworks",
					"@loader_path/Frameworks",
				);
				PRODUCT_BUNDLE_IDENTIFIER = Demo.SwiftUIDemoUITests;
				PRODUCT_NAME = "$(TARGET_NAME)";
				SWIFT_VERSION = 5.0;
				TARGETED_DEVICE_FAMILY = "1,2";
				TEST_TARGET_NAME = SwiftUIDemo;
			};
			name = Release;
		};
/* End XCBuildConfiguration section */

/* Begin XCConfigurationList section */
		4E0A058722C34DFF00363232 /* Build configuration list for PBXProject "SwiftUIDemo" */ = {
			isa = XCConfigurationList;
			buildConfigurations = (
				4E0A05B422C34E0100363232 /* Debug */,
				4E0A05B522C34E0100363232 /* Release */,
			);
			defaultConfigurationIsVisible = 0;
			defaultConfigurationName = Release;
		};
		4E0A05B622C34E0100363232 /* Build configuration list for PBXNativeTarget "SwiftUIDemo" */ = {
			isa = XCConfigurationList;
			buildConfigurations = (
				4E0A05B722C34E0100363232 /* Debug */,
				4E0A05B822C34E0100363232 /* Release */,
			);
			defaultConfigurationIsVisible = 0;
			defaultConfigurationName = Release;
		};
		4E0A05B922C34E0100363232 /* Build configuration list for PBXNativeTarget "SwiftUIDemoTests" */ = {
			isa = XCConfigurationList;
			buildConfigurations = (
				4E0A05BA22C34E0100363232 /* Debug */,
				4E0A05BB22C34E0100363232 /* Release */,
			);
			defaultConfigurationIsVisible = 0;
			defaultConfigurationName = Release;
		};
		4E0A05BC22C34E0100363232 /* Build configuration list for PBXNativeTarget "SwiftUIDemoUITests" */ = {
			isa = XCConfigurationList;
			buildConfigurations = (
				4E0A05BD22C34E0100363232 /* Debug */,
				4E0A05BE22C34E0100363232 /* Release */,
			);
			defaultConfigurationIsVisible = 0;
			defaultConfigurationName = Release;
		};
/* End XCConfigurationList section */
	};
	rootObject = 4E0A058422C34DFF00363232 /* Project object */;
}
